
Microsoft Visual Studio Solution File, Format Version 12.00
# Visual Studio Version 16
VisualStudioVersion = 16.0.29905.134
MinimumVisualStudioVersion = 10.0.40219.1
Project("{FAE04EC0-301F-11D3-BF4B-00C04F79EFBC}") = "EmployeeInformation", "EmployeeInformation\EmployeeInformation.csproj", "{612EA555-1DB8-4E22-AEFE-43BC0E75E99F}"
EndProject
Global
	GlobalSection(SolutionConfigurationPlatforms) = preSolution
		Debug|Any CPU = Debug|Any CPU
		Release|Any CPU = Release|Any CPU
	EndGlobalSection
	GlobalSection(ProjectConfigurationPlatforms) = postSolution
		{612EA555-1DB8-4E22-AEFE-43BC0E75E99F}.Debug|Any CPU.ActiveCfg = Debug|Any CPU
		{612EA555-1DB8-4E22-AEFE-43BC0E75E99F}.Debug|Any CPU.Build.0 = Debug|Any CPU
		{612EA555-1DB8-4E22-AEFE-43BC0E75E99F}.Release|Any CPU.ActiveCfg = Release|Any CPU
		{612EA555-1DB8-4E22-AEFE-43BC0E75E99F}.Release|Any CPU.Build.0 = Release|Any CPU
	EndGlobalSection
	GlobalSection(SolutionProperties) = preSolution
		HideSolutionNode = FALSE
	EndGlobalSection
	GlobalSection(ExtensibilityGlobals) = postSolution
		SolutionGuid = {09DE1ADA-09C6-4900-B200-60BFC3207FBC}
	EndGlobalSection
EndGlobal
